PODS:
  - Alamofire (4.8.2)
  - AlamofireImage (3.5.2):
    - Alamofire (~> 4.8)
  - IQKeyboardManagerSwift (6.4.1)
  - Locksmith (4.0.0)
  - TagListView (1.4.0)

DEPENDENCIES:
  - Alamofire
  - AlamofireImage
  - IQKeyboardManagerSwift
  - Locksmith
  - TagListView (~> 1.0)

SPEC REPOS:
  https://github.com/cocoapods/specs.git:
    - Alamofire
    - AlamofireImage
    - IQKeyboardManagerSwift
    - Locksmith
    - TagListView

SPEC CHECKSUMS:
  Alamofire: ae5c501addb7afdbb13687d7f2f722c78734c2d3
  AlamofireImage: 63cfe3baf1370be6c498149687cf6db3e3b00999
  IQKeyboardManagerSwift: d2df660d0b8d64a15cb2537c9ff303213fa515b2
  Locksmith: e9bebbaaa4cee3c511bc358a44f843c3fe00e21f
  TagListView: 987b0bdbb16cd9d9e7c0e2ec32aff37ecba8b173

PODFILE CHECKSUM: 45038685643bfe7e8e65e4f432a1066c47e18ccd

COCOAPODS: 1.7.5
